
Microsoft Visual Studio Solution File, Format Version 12.00
# Visual Studio 14
VisualStudioVersion = 14.0.25420.1
MinimumVisualStudioVersion = 10.0.40219.1
Project("{FAE04EC0-301F-11D3-BF4B-00C04F79EFBC}") = "MvcTestPro1", "MvcTestPro1\MvcTestPro1.csproj", "{76B38D27-73F9-47EA-9142-300294BC4ED0}"
EndProject
Project("{FAE04EC0-301F-11D3-BF4B-00C04F79EFBC}") = "MvcTestPro2_Razor", "MvcTestPro2_Razor\MvcTestPro2_Razor.csproj", "{0AA868AB-98FE-47EE-8680-EA89206B811E}"
EndProject
Project("{FAE04EC0-301F-11D3-BF4B-00C04F79EFBC}") = "MvcTestPro3_Ninject", "MvcTestPro3_Ninject\MvcTestPro3_Ninject.csproj", "{EC2DF9D0-E47A-493A-9939-6D28FB3FDD30}"
EndProject
Project("{FAE04EC0-301F-11D3-BF4B-00C04F79EFBC}") = "MvcTestPro_Ninject.Tests", "MvcTestPro_Ninject.Tests\MvcTestPro_Ninject.Tests.csproj", "{DB4EBAB8-4DF6-4873-AB9F-D8EFC0889AE9}"
EndProject
Project("{FAE04EC0-301F-11D3-BF4B-00C04F79EFBC}") = "MvcTestPro4_UrlRoutes", "MvcTestPro4_UrlRoutes\MvcTestPro4_UrlRoutes.csproj", "{F6D0ABC5-4EF5-4E53-9E18-3437DC9260DB}"
EndProject
Project("{2150E333-8FDC-42A3-9474-1A3956D46DE8}") = "Tests", "Tests", "{6FFEB0BD-9C55-4517-A076-F87B34DF825A}"
EndProject
Project("{2150E333-8FDC-42A3-9474-1A3956D46DE8}") = "Application", "Application", "{D83053A6-A90E-40A8-AD86-1C4FAABF054E}"
EndProject
Project("{FAE04EC0-301F-11D3-BF4B-00C04F79EFBC}") = "MvcTestPro4_UrlRoutes.Tests", "MvcTestPro4_UrlRoutes.Tests\MvcTestPro4_UrlRoutes.Tests.csproj", "{0F18F696-2049-4910-B0C2-2C00B8AAB1B5}"
EndProject
Project("{FAE04EC0-301F-11D3-BF4B-00C04F79EFBC}") = "MvcTestPro5_Ctrls", "MvcTestPro5_Ctrls\MvcTestPro5_Ctrls.csproj", "{1FE8CEF3-2BF6-43E1-B312-F0619482CEA7}"
EndProject
Project("{FAE04EC0-301F-11D3-BF4B-00C04F79EFBC}") = "MvcTestPro5_Ctrl.Test", "MvcTestPro5_Ctrl.Test\MvcTestPro5_Ctrl.Test.csproj", "{8A725014-1631-40E8-946C-33FEED1923D8}"
EndProject
Project("{FAE04EC0-301F-11D3-BF4B-00C04F79EFBC}") = "MvcTestPro6_CtrlExt", "MvcTestPro6_CtrlExt\MvcTestPro6_CtrlExt.csproj", "{983D038B-2FC5-4E67-9D09-5AE8B5FFF647}"
EndProject
Project("{FAE04EC0-301F-11D3-BF4B-00C04F79EFBC}") = "MvcTestPro7_Views", "MvcTestPro7_Views\MvcTestPro7_Views.csproj", "{3FBCB132-5F7C-4701-AF4F-2EEAB19723E7}"
EndProject
Project("{FAE04EC0-301F-11D3-BF4B-00C04F79EFBC}") = "MvcTestPro8_Razor", "MvcTestPro8_Razor\MvcTestPro8_Razor.csproj", "{B4CB73AF-26E9-4B5E-97D1-D5BBD6863C98}"
EndProject
Global
	GlobalSection(SolutionConfigurationPlatforms) = preSolution
		Debug|Any CPU = Debug|Any CPU
		Release|Any CPU = Release|Any CPU
	EndGlobalSection
	GlobalSection(ProjectConfigurationPlatforms) = postSolution
		{76B38D27-73F9-47EA-9142-300294BC4ED0}.Debug|Any CPU.ActiveCfg = Debug|Any CPU
		{76B38D27-73F9-47EA-9142-300294BC4ED0}.Debug|Any CPU.Build.0 = Debug|Any CPU
		{76B38D27-73F9-47EA-9142-300294BC4ED0}.Release|Any CPU.ActiveCfg = Release|Any CPU
		{76B38D27-73F9-47EA-9142-300294BC4ED0}.Release|Any CPU.Build.0 = Release|Any CPU
		{0AA868AB-98FE-47EE-8680-EA89206B811E}.Debug|Any CPU.ActiveCfg = Debug|Any CPU
		{0AA868AB-98FE-47EE-8680-EA89206B811E}.Debug|Any CPU.Build.0 = Debug|Any CPU
		{0AA868AB-98FE-47EE-8680-EA89206B811E}.Release|Any CPU.ActiveCfg = Release|Any CPU
		{0AA868AB-98FE-47EE-8680-EA89206B811E}.Release|Any CPU.Build.0 = Release|Any CPU
		{EC2DF9D0-E47A-493A-9939-6D28FB3FDD30}.Debug|Any CPU.ActiveCfg = Debug|Any CPU
		{EC2DF9D0-E47A-493A-9939-6D28FB3FDD30}.Debug|Any CPU.Build.0 = Debug|Any CPU
		{EC2DF9D0-E47A-493A-9939-6D28FB3FDD30}.Release|Any CPU.ActiveCfg = Release|Any CPU
		{EC2DF9D0-E47A-493A-9939-6D28FB3FDD30}.Release|Any CPU.Build.0 = Release|Any CPU
		{DB4EBAB8-4DF6-4873-AB9F-D8EFC0889AE9}.Debug|Any CPU.ActiveCfg = Debug|Any CPU
		{DB4EBAB8-4DF6-4873-AB9F-D8EFC0889AE9}.Debug|Any CPU.Build.0 = Debug|Any CPU
		{DB4EBAB8-4DF6-4873-AB9F-D8EFC0889AE9}.Release|Any CPU.ActiveCfg = Release|Any CPU
		{DB4EBAB8-4DF6-4873-AB9F-D8EFC0889AE9}.Release|Any CPU.Build.0 = Release|Any CPU
		{F6D0ABC5-4EF5-4E53-9E18-3437DC9260DB}.Debug|Any CPU.ActiveCfg = Debug|Any CPU
		{F6D0ABC5-4EF5-4E53-9E18-3437DC9260DB}.Debug|Any CPU.Build.0 = Debug|Any CPU
		{F6D0ABC5-4EF5-4E53-9E18-3437DC9260DB}.Release|Any CPU.ActiveCfg = Release|Any CPU
		{F6D0ABC5-4EF5-4E53-9E18-3437DC9260DB}.Release|Any CPU.Build.0 = Release|Any CPU
		{0F18F696-2049-4910-B0C2-2C00B8AAB1B5}.Debug|Any CPU.ActiveCfg = Debug|Any CPU
		{0F18F696-2049-4910-B0C2-2C00B8AAB1B5}.Debug|Any CPU.Build.0 = Debug|Any CPU
		{0F18F696-2049-4910-B0C2-2C00B8AAB1B5}.Release|Any CPU.ActiveCfg = Release|Any CPU
		{0F18F696-2049-4910-B0C2-2C00B8AAB1B5}.Release|Any CPU.Build.0 = Release|Any CPU
		{1FE8CEF3-2BF6-43E1-B312-F0619482CEA7}.Debug|Any CPU.ActiveCfg = Debug|Any CPU
		{1FE8CEF3-2BF6-43E1-B312-F0619482CEA7}.Debug|Any CPU.Build.0 = Debug|Any CPU
		{1FE8CEF3-2BF6-43E1-B312-F0619482CEA7}.Release|Any CPU.ActiveCfg = Release|Any CPU
		{1FE8CEF3-2BF6-43E1-B312-F0619482CEA7}.Release|Any CPU.Build.0 = Release|Any CPU
		{8A725014-1631-40E8-946C-33FEED1923D8}.Debug|Any CPU.ActiveCfg = Debug|Any CPU
		{8A725014-1631-40E8-946C-33FEED1923D8}.Debug|Any CPU.Build.0 = Debug|Any CPU
		{8A725014-1631-40E8-946C-33FEED1923D8}.Release|Any CPU.ActiveCfg = Release|Any CPU
		{8A725014-1631-40E8-946C-33FEED1923D8}.Release|Any CPU.Build.0 = Release|Any CPU
		{983D038B-2FC5-4E67-9D09-5AE8B5FFF647}.Debug|Any CPU.ActiveCfg = Debug|Any CPU
		{983D038B-2FC5-4E67-9D09-5AE8B5FFF647}.Debug|Any CPU.Build.0 = Debug|Any CPU
		{983D038B-2FC5-4E67-9D09-5AE8B5FFF647}.Release|Any CPU.ActiveCfg = Release|Any CPU
		{983D038B-2FC5-4E67-9D09-5AE8B5FFF647}.Release|Any CPU.Build.0 = Release|Any CPU
		{3FBCB132-5F7C-4701-AF4F-2EEAB19723E7}.Debug|Any CPU.ActiveCfg = Debug|Any CPU
		{3FBCB132-5F7C-4701-AF4F-2EEAB19723E7}.Debug|Any CPU.Build.0 = Debug|Any CPU
		{3FBCB132-5F7C-4701-AF4F-2EEAB19723E7}.Release|Any CPU.ActiveCfg = Release|Any CPU
		{3FBCB132-5F7C-4701-AF4F-2EEAB19723E7}.Release|Any CPU.Build.0 = Release|Any CPU
		{B4CB73AF-26E9-4B5E-97D1-D5BBD6863C98}.Debug|Any CPU.ActiveCfg = Debug|Any CPU
		{B4CB73AF-26E9-4B5E-97D1-D5BBD6863C98}.Debug|Any CPU.Build.0 = Debug|Any CPU
		{B4CB73AF-26E9-4B5E-97D1-D5BBD6863C98}.Release|Any CPU.ActiveCfg = Release|Any CPU
		{B4CB73AF-26E9-4B5E-97D1-D5BBD6863C98}.Release|Any CPU.Build.0 = Release|Any CPU
	EndGlobalSection
	GlobalSection(SolutionProperties) = preSolution
		HideSolutionNode = FALSE
	EndGlobalSection
	GlobalSection(NestedProjects) = preSolution
		{76B38D27-73F9-47EA-9142-300294BC4ED0} = {D83053A6-A90E-40A8-AD86-1C4FAABF054E}
		{0AA868AB-98FE-47EE-8680-EA89206B811E} = {D83053A6-A90E-40A8-AD86-1C4FAABF054E}
		{EC2DF9D0-E47A-493A-9939-6D28FB3FDD30} = {D83053A6-A90E-40A8-AD86-1C4FAABF054E}
		{DB4EBAB8-4DF6-4873-AB9F-D8EFC0889AE9} = {6FFEB0BD-9C55-4517-A076-F87B34DF825A}
		{F6D0ABC5-4EF5-4E53-9E18-3437DC9260DB} = {D83053A6-A90E-40A8-AD86-1C4FAABF054E}
		{0F18F696-2049-4910-B0C2-2C00B8AAB1B5} = {6FFEB0BD-9C55-4517-A076-F87B34DF825A}
		{1FE8CEF3-2BF6-43E1-B312-F0619482CEA7} = {D83053A6-A90E-40A8-AD86-1C4FAABF054E}
		{8A725014-1631-40E8-946C-33FEED1923D8} = {6FFEB0BD-9C55-4517-A076-F87B34DF825A}
		{983D038B-2FC5-4E67-9D09-5AE8B5FFF647} = {D83053A6-A90E-40A8-AD86-1C4FAABF054E}
		{3FBCB132-5F7C-4701-AF4F-2EEAB19723E7} = {D83053A6-A90E-40A8-AD86-1C4FAABF054E}
		{B4CB73AF-26E9-4B5E-97D1-D5BBD6863C98} = {D83053A6-A90E-40A8-AD86-1C4FAABF054E}
	EndGlobalSection
EndGlobal
